
Microsoft Visual Studio Solution File, Format Version 12.00
# Visual Studio Version 17
VisualStudioVersion = 17.11.35327.3
MinimumVisualStudioVersion = 10.0.40219.1
Project("{FAE04EC0-301F-11D3-BF4B-00C04F79EFBC}") = "setresponsestatuscode", "setresponsestatuscode\setresponsestatuscode.csproj", "{F396D904-9108-428C-A91B-D00C9D67C71F}"
EndProject
Global
	GlobalSection(SolutionConfigurationPlatforms) = preSolution
		Debug|Any CPU = Debug|Any CPU
		Release|Any CPU = Release|Any CPU
	EndGlobalSection
	GlobalSection(ProjectConfigurationPlatforms) = postSolution
		{F396D904-9108-428C-A91B-D00C9D67C71F}.Debug|Any CPU.ActiveCfg = Debug|Any CPU
		{F396D904-9108-428C-A91B-D00C9D67C71F}.Debug|Any CPU.Build.0 = Debug|Any CPU
		{F396D904-9108-428C-A91B-D00C9D67C71F}.Release|Any CPU.ActiveCfg = Release|Any CPU
		{F396D904-9108-428C-A91B-D00C9D67C71F}.Release|Any CPU.Build.0 = Release|Any CPU
	EndGlobalSection
	GlobalSection(SolutionProperties) = preSolution
		HideSolutionNode = FALSE
	EndGlobalSection
	GlobalSection(ExtensibilityGlobals) = postSolution
		SolutionGuid = {1F07CCB4-E457-47EF-B2F0-DC0D3A214251}
	EndGlobalSection
EndGlobal
